
Microsoft Visual Studio Solution File, Format Version 12.00
# Visual Studio Version 17
VisualStudioVersion = 17.12.35707.178
MinimumVisualStudioVersion = 10.0.40219.1
Project("{FAE04EC0-301F-11D3-BF4B-00C04F79EFBC}") = "NonogramApp", "NonogramApp\NonogramApp.csproj", "{E315FEF4-7165-4E66-80CF-B22BEDA5C57C}"
EndProject
Project("{FAE04EC0-301F-11D3-BF4B-00C04F79EFBC}") = "NonogramTest", "NonogramTest\NonogramTest.csproj", "{6DB4D05D-7E4E-425E-BC92-C93F7A03D035}"
EndProject
Global
	GlobalSection(SolutionConfigurationPlatforms) = preSolution
		Debug|Any CPU = Debug|Any CPU
		Release|Any CPU = Release|Any CPU
	EndGlobalSection
	GlobalSection(ProjectConfigurationPlatforms) = postSolution
		{E315FEF4-7165-4E66-80CF-B22BEDA5C57C}.Debug|Any CPU.ActiveCfg = Debug|Any CPU
		{E315FEF4-7165-4E66-80CF-B22BEDA5C57C}.Debug|Any CPU.Build.0 = Debug|Any CPU
		{E315FEF4-7165-4E66-80CF-B22BEDA5C57C}.Release|Any CPU.ActiveCfg = Release|Any CPU
		{E315FEF4-7165-4E66-80CF-B22BEDA5C57C}.Release|Any CPU.Build.0 = Release|Any CPU
		{6DB4D05D-7E4E-425E-BC92-C93F7A03D035}.Debug|Any CPU.ActiveCfg = Debug|Any CPU
		{6DB4D05D-7E4E-425E-BC92-C93F7A03D035}.Debug|Any CPU.Build.0 = Debug|Any CPU
		{6DB4D05D-7E4E-425E-BC92-C93F7A03D035}.Release|Any CPU.ActiveCfg = Release|Any CPU
		{6DB4D05D-7E4E-425E-BC92-C93F7A03D035}.Release|Any CPU.Build.0 = Release|Any CPU
	EndGlobalSection
	GlobalSection(SolutionProperties) = preSolution
		HideSolutionNode = FALSE
	EndGlobalSection
EndGlobal
